
Microsoft Visual Studio Solution File, Format Version 12.00
# Visual Studio 2012
Project("{8BC9CEB8-8B4A-11D0-8D11-00A0C91BC942}") = "ShutdownTimer_SA", "DTP.vcxproj", "{7F30D579-C499-4EC2-ACCB-A8CBF0F181AE}"
EndProject
Project("{6141683F-8A12-4E36-9623-2EB02B2C2303}") = "ShutdownTimer_setup", "ShutdownTimer_setup\ShutdownTimer_setup.isproj", "{7FB689A1-A91F-422A-92CD-FDDA2D20D0C7}"
EndProject
Global
	GlobalSection(SolutionConfigurationPlatforms) = preSolution
		CD_ROM|Win32 = CD_ROM|Win32
		Debug|Win32 = Debug|Win32
		DVD-5|Win32 = DVD-5|Win32
		Release|Win32 = Release|Win32
		SingleImage|Win32 = SingleImage|Win32
	EndGlobalSection
	GlobalSection(ProjectConfigurationPlatforms) = postSolution
		{7F30D579-C499-4EC2-ACCB-A8CBF0F181AE}.CD_ROM|Win32.ActiveCfg = Release|Win32
		{7F30D579-C499-4EC2-ACCB-A8CBF0F181AE}.CD_ROM|Win32.Build.0 = Release|Win32
		{7F30D579-C499-4EC2-ACCB-A8CBF0F181AE}.Debug|Win32.ActiveCfg = Debug|Win32
		{7F30D579-C499-4EC2-ACCB-A8CBF0F181AE}.Debug|Win32.Build.0 = Debug|Win32
		{7F30D579-C499-4EC2-ACCB-A8CBF0F181AE}.DVD-5|Win32.ActiveCfg = Debug|Win32
		{7F30D579-C499-4EC2-ACCB-A8CBF0F181AE}.DVD-5|Win32.Build.0 = Debug|Win32
		{7F30D579-C499-4EC2-ACCB-A8CBF0F181AE}.Release|Win32.ActiveCfg = Release|Win32
		{7F30D579-C499-4EC2-ACCB-A8CBF0F181AE}.Release|Win32.Build.0 = Release|Win32
		{7F30D579-C499-4EC2-ACCB-A8CBF0F181AE}.SingleImage|Win32.ActiveCfg = Release|Win32
		{7F30D579-C499-4EC2-ACCB-A8CBF0F181AE}.SingleImage|Win32.Build.0 = Release|Win32
		{7FB689A1-A91F-422A-92CD-FDDA2D20D0C7}.CD_ROM|Win32.ActiveCfg = CD_ROM
		{7FB689A1-A91F-422A-92CD-FDDA2D20D0C7}.CD_ROM|Win32.Build.0 = CD_ROM
		{7FB689A1-A91F-422A-92CD-FDDA2D20D0C7}.Debug|Win32.ActiveCfg = DVD-5
		{7FB689A1-A91F-422A-92CD-FDDA2D20D0C7}.Debug|Win32.Build.0 = DVD-5
		{7FB689A1-A91F-422A-92CD-FDDA2D20D0C7}.DVD-5|Win32.ActiveCfg = DVD-5
		{7FB689A1-A91F-422A-92CD-FDDA2D20D0C7}.DVD-5|Win32.Build.0 = DVD-5
		{7FB689A1-A91F-422A-92CD-FDDA2D20D0C7}.Release|Win32.ActiveCfg = SingleImage
		{7FB689A1-A91F-422A-92CD-FDDA2D20D0C7}.Release|Win32.Build.0 = SingleImage
		{7FB689A1-A91F-422A-92CD-FDDA2D20D0C7}.SingleImage|Win32.ActiveCfg = SingleImage
		{7FB689A1-A91F-422A-92CD-FDDA2D20D0C7}.SingleImage|Win32.Build.0 = SingleImage
	EndGlobalSection
	GlobalSection(SolutionProperties) = preSolution
		HideSolutionNode = FALSE
	EndGlobalSection
EndGlobal
